
Microsoft Visual Studio Solution File, Format Version 12.00
# Visual Studio Version 17
VisualStudioVersion = 17.6.33815.320
MinimumVisualStudioVersion = 10.0.40219.1
Project("{9A19103F-16F7-4668-BE54-9A1E7A4F7556}") = "0.1 First Project", "0.1 First Project\0.1 First Project.csproj", "{7D281C8D-4812-4681-A765-AD974FFF86C4}"
EndProject
Project("{9A19103F-16F7-4668-BE54-9A1E7A4F7556}") = "0.1 First Project  (top level statement)", "0.1 First Project  (top level statement)\0.1 First Project  (top level statement).csproj", "{59376D23-7BA6-42A3-B3EA-2E2632BE1D48}"
EndProject
Project("{9A19103F-16F7-4668-BE54-9A1E7A4F7556}") = "Operators, if-else, switch, for, while", "Operators, if-else, switch, for, while\Operators, if-else, switch, for, while.csproj", "{9B260898-A9EE-4971-863C-22B380C19C49}"
EndProject
Project("{9A19103F-16F7-4668-BE54-9A1E7A4F7556}") = "input data", "input data\input data.csproj", "{E8CC7D7E-5A70-46B3-BE4C-28D843AAF50A}"
EndProject
Project("{2150E333-8FDC-42A3-9474-1A3956D46DE8}") = "lesson 3 arrays strings", "lesson 3 arrays strings", "{B0D6D024-23D4-4217-8513-E729B91BAB8B}"
EndProject
Project("{9A19103F-16F7-4668-BE54-9A1E7A4F7556}") = "switch_case", "switch_case\switch_case.csproj", "{EFE320A6-2A48-4FB0-A20E-EBACD32DBA1C}"
EndProject
Project("{9A19103F-16F7-4668-BE54-9A1E7A4F7556}") = "arrays", "arrays\arrays.csproj", "{C80AD9E7-17AE-4AE3-8974-EAC3DF90C813}"
EndProject
Project("{9A19103F-16F7-4668-BE54-9A1E7A4F7556}") = "Strings", "Strings\Strings.csproj", "{8050C587-B996-4149-9315-E8625AE8A475}"
EndProject
Project("{2150E333-8FDC-42A3-9474-1A3956D46DE8}") = "lesson 5 ref out property namespaces", "lesson 5 ref out property namespaces", "{967175FF-898F-4563-9EB2-C76A610989D2}"
EndProject
Project("{9A19103F-16F7-4668-BE54-9A1E7A4F7556}") = "ref out", "ref out\ref out.csproj", "{2E5D23A9-B1A5-4058-AE92-B7083B16D241}"
EndProject
Project("{9A19103F-16F7-4668-BE54-9A1E7A4F7556}") = "properties get set", "properties\properties get set.csproj", "{460B2451-CB83-4874-93F0-658CD8DFABB0}"
EndProject
Project("{9A19103F-16F7-4668-BE54-9A1E7A4F7556}") = "params", "params\params.csproj", "{2DA37C2C-989A-4BE3-A348-36CBC0855498}"
EndProject
Project("{9A19103F-16F7-4668-BE54-9A1E7A4F7556}") = "namespaces", "namespaces\namespaces.csproj", "{3D8861A4-8638-4BA4-986D-E04B734B7C4D}"
EndProject
Project("{2150E333-8FDC-42A3-9474-1A3956D46DE8}") = "lesson 6 inheritance polymorphism", "lesson 6 inheritance polymorphism", "{7E1BFBDE-E050-46FC-A690-BDDA0E5B04B0}"
EndProject
Project("{9A19103F-16F7-4668-BE54-9A1E7A4F7556}") = "inheritance", "inheritance\inheritance.csproj", "{80618704-59EE-4CDD-B3BF-E1B94C4875F1}"
EndProject
Project("{9A19103F-16F7-4668-BE54-9A1E7A4F7556}") = "polymorphism", "polymorphism\polymorphism.csproj", "{34FD1264-A71C-48C2-B3E7-84445B4CAEE5}"
EndProject
Project("{2150E333-8FDC-42A3-9474-1A3956D46DE8}") = "lesson 7 operator overloading", "lesson 7 operator overloading", "{1F120FC4-86F3-43A3-AF91-BAC6E0072669}"
EndProject
Project("{9A19103F-16F7-4668-BE54-9A1E7A4F7556}") = "operator overloading", "operator overloading\operator overloading.csproj", "{4460D611-47E2-4C3D-9138-FAD005F3308B}"
EndProject
Project("{9A19103F-16F7-4668-BE54-9A1E7A4F7556}") = "typecasting overload", "typecasting overload\typecasting overload.csproj", "{173E6162-E881-46AE-87BE-70A3353DD201}"
EndProject
Project("{2150E333-8FDC-42A3-9474-1A3956D46DE8}") = "lesson 8 indexers, abstract classes, interfaces", "lesson 8 indexers, abstract classes, interfaces", "{2413C990-C361-46EC-9BB7-6B23E8731DB1}"
EndProject
Project("{9A19103F-16F7-4668-BE54-9A1E7A4F7556}") = "indexers", "indexers\indexers.csproj", "{4D286A3E-D4CE-4673-B8EB-CD089C046852}"
EndProject
Project("{9A19103F-16F7-4668-BE54-9A1E7A4F7556}") = "abstract classes", "abstract classes\abstract classes.csproj", "{37FA9371-A060-4527-AD3C-D9AFBC23AD44}"
EndProject
Project("{9A19103F-16F7-4668-BE54-9A1E7A4F7556}") = "interfaces", "interfaces\interfaces.csproj", "{B37210DC-AA5B-4759-AC33-B98045E44AD9}"
EndProject
Project("{2150E333-8FDC-42A3-9474-1A3956D46DE8}") = "lesson 9 standard interfaces", "lesson 9 standard interfaces", "{E9A55A6A-15EB-4254-93BD-4185A33B0644}"
EndProject
Project("{9A19103F-16F7-4668-BE54-9A1E7A4F7556}") = "project1 standard interfaces", "project1 standard interfaces\project1 standard interfaces.csproj", "{EDC26278-9423-4490-AF12-0512255512D2}"
EndProject
Project("{9A19103F-16F7-4668-BE54-9A1E7A4F7556}") = "standard interfaces", "standard interfaces\standard interfaces.csproj", "{B3079C7B-2433-4A26-B66C-5016F1BFE0C7}"
EndProject
Project("{2150E333-8FDC-42A3-9474-1A3956D46DE8}") = "lesson 10 delegates, events", "lesson 10 delegates, events", "{13A2C85C-4968-479B-BF9A-B94F0C9E8E38}"
EndProject
Project("{FAE04EC0-301F-11D3-BF4B-00C04F79EFBC}") = "delegates", "delegates\delegates.csproj", "{B8D5AC9A-EFC7-44C3-80A6-C3F214065E23}"
EndProject
Project("{FAE04EC0-301F-11D3-BF4B-00C04F79EFBC}") = "anonymous methods", "anonymous methods\anonymous methods.csproj", "{C3393723-EF7D-457B-B18E-6D54BB22317E}"
EndProject
Global
	GlobalSection(SolutionConfigurationPlatforms) = preSolution
		Debug|Any CPU = Debug|Any CPU
		Release|Any CPU = Release|Any CPU
	EndGlobalSection
	GlobalSection(ProjectConfigurationPlatforms) = postSolution
		{7D281C8D-4812-4681-A765-AD974FFF86C4}.Debug|Any CPU.ActiveCfg = Debug|Any CPU
		{7D281C8D-4812-4681-A765-AD974FFF86C4}.Debug|Any CPU.Build.0 = Debug|Any CPU
		{7D281C8D-4812-4681-A765-AD974FFF86C4}.Release|Any CPU.ActiveCfg = Release|Any CPU
		{7D281C8D-4812-4681-A765-AD974FFF86C4}.Release|Any CPU.Build.0 = Release|Any CPU
		{59376D23-7BA6-42A3-B3EA-2E2632BE1D48}.Debug|Any CPU.ActiveCfg = Debug|Any CPU
		{59376D23-7BA6-42A3-B3EA-2E2632BE1D48}.Debug|Any CPU.Build.0 = Debug|Any CPU
		{59376D23-7BA6-42A3-B3EA-2E2632BE1D48}.Release|Any CPU.ActiveCfg = Release|Any CPU
		{59376D23-7BA6-42A3-B3EA-2E2632BE1D48}.Release|Any CPU.Build.0 = Release|Any CPU
		{9B260898-A9EE-4971-863C-22B380C19C49}.Debug|Any CPU.ActiveCfg = Debug|Any CPU
		{9B260898-A9EE-4971-863C-22B380C19C49}.Debug|Any CPU.Build.0 = Debug|Any CPU
		{9B260898-A9EE-4971-863C-22B380C19C49}.Release|Any CPU.ActiveCfg = Release|Any CPU
		{9B260898-A9EE-4971-863C-22B380C19C49}.Release|Any CPU.Build.0 = Release|Any CPU
		{E8CC7D7E-5A70-46B3-BE4C-28D843AAF50A}.Debug|Any CPU.ActiveCfg = Debug|Any CPU
		{E8CC7D7E-5A70-46B3-BE4C-28D843AAF50A}.Debug|Any CPU.Build.0 = Debug|Any CPU
		{E8CC7D7E-5A70-46B3-BE4C-28D843AAF50A}.Release|Any CPU.ActiveCfg = Release|Any CPU
		{E8CC7D7E-5A70-46B3-BE4C-28D843AAF50A}.Release|Any CPU.Build.0 = Release|Any CPU
		{EFE320A6-2A48-4FB0-A20E-EBACD32DBA1C}.Debug|Any CPU.ActiveCfg = Debug|Any CPU
		{EFE320A6-2A48-4FB0-A20E-EBACD32DBA1C}.Debug|Any CPU.Build.0 = Debug|Any CPU
		{EFE320A6-2A48-4FB0-A20E-EBACD32DBA1C}.Release|Any CPU.ActiveCfg = Release|Any CPU
		{EFE320A6-2A48-4FB0-A20E-EBACD32DBA1C}.Release|Any CPU.Build.0 = Release|Any CPU
		{C80AD9E7-17AE-4AE3-8974-EAC3DF90C813}.Debug|Any CPU.ActiveCfg = Debug|Any CPU
		{C80AD9E7-17AE-4AE3-8974-EAC3DF90C813}.Debug|Any CPU.Build.0 = Debug|Any CPU
		{C80AD9E7-17AE-4AE3-8974-EAC3DF90C813}.Release|Any CPU.ActiveCfg = Release|Any CPU
		{C80AD9E7-17AE-4AE3-8974-EAC3DF90C813}.Release|Any CPU.Build.0 = Release|Any CPU
		{8050C587-B996-4149-9315-E8625AE8A475}.Debug|Any CPU.ActiveCfg = Debug|Any CPU
		{8050C587-B996-4149-9315-E8625AE8A475}.Debug|Any CPU.Build.0 = Debug|Any CPU
		{8050C587-B996-4149-9315-E8625AE8A475}.Release|Any CPU.ActiveCfg = Release|Any CPU
		{8050C587-B996-4149-9315-E8625AE8A475}.Release|Any CPU.Build.0 = Release|Any CPU
		{2E5D23A9-B1A5-4058-AE92-B7083B16D241}.Debug|Any CPU.ActiveCfg = Debug|Any CPU
		{2E5D23A9-B1A5-4058-AE92-B7083B16D241}.Debug|Any CPU.Build.0 = Debug|Any CPU
		{2E5D23A9-B1A5-4058-AE92-B7083B16D241}.Release|Any CPU.ActiveCfg = Release|Any CPU
		{2E5D23A9-B1A5-4058-AE92-B7083B16D241}.Release|Any CPU.Build.0 = Release|Any CPU
		{460B2451-CB83-4874-93F0-658CD8DFABB0}.Debug|Any CPU.ActiveCfg = Debug|Any CPU
		{460B2451-CB83-4874-93F0-658CD8DFABB0}.Debug|Any CPU.Build.0 = Debug|Any CPU
		{460B2451-CB83-4874-93F0-658CD8DFABB0}.Release|Any CPU.ActiveCfg = Release|Any CPU
		{460B2451-CB83-4874-93F0-658CD8DFABB0}.Release|Any CPU.Build.0 = Release|Any CPU
		{2DA37C2C-989A-4BE3-A348-36CBC0855498}.Debug|Any CPU.ActiveCfg = Debug|Any CPU
		{2DA37C2C-989A-4BE3-A348-36CBC0855498}.Debug|Any CPU.Build.0 = Debug|Any CPU
		{2DA37C2C-989A-4BE3-A348-36CBC0855498}.Release|Any CPU.ActiveCfg = Release|Any CPU
		{2DA37C2C-989A-4BE3-A348-36CBC0855498}.Release|Any CPU.Build.0 = Release|Any CPU
		{3D8861A4-8638-4BA4-986D-E04B734B7C4D}.Debug|Any CPU.ActiveCfg = Debug|Any CPU
		{3D8861A4-8638-4BA4-986D-E04B734B7C4D}.Debug|Any CPU.Build.0 = Debug|Any CPU
		{3D8861A4-8638-4BA4-986D-E04B734B7C4D}.Release|Any CPU.ActiveCfg = Release|Any CPU
		{3D8861A4-8638-4BA4-986D-E04B734B7C4D}.Release|Any CPU.Build.0 = Release|Any CPU
		{80618704-59EE-4CDD-B3BF-E1B94C4875F1}.Debug|Any CPU.ActiveCfg = Debug|Any CPU
		{80618704-59EE-4CDD-B3BF-E1B94C4875F1}.Debug|Any CPU.Build.0 = Debug|Any CPU
		{80618704-59EE-4CDD-B3BF-E1B94C4875F1}.Release|Any CPU.ActiveCfg = Release|Any CPU
		{80618704-59EE-4CDD-B3BF-E1B94C4875F1}.Release|Any CPU.Build.0 = Release|Any CPU
		{34FD1264-A71C-48C2-B3E7-84445B4CAEE5}.Debug|Any CPU.ActiveCfg = Debug|Any CPU
		{34FD1264-A71C-48C2-B3E7-84445B4CAEE5}.Debug|Any CPU.Build.0 = Debug|Any CPU
		{34FD1264-A71C-48C2-B3E7-84445B4CAEE5}.Release|Any CPU.ActiveCfg = Release|Any CPU
		{34FD1264-A71C-48C2-B3E7-84445B4CAEE5}.Release|Any CPU.Build.0 = Release|Any CPU
		{4460D611-47E2-4C3D-9138-FAD005F3308B}.Debug|Any CPU.ActiveCfg = Debug|Any CPU
		{4460D611-47E2-4C3D-9138-FAD005F3308B}.Debug|Any CPU.Build.0 = Debug|Any CPU
		{4460D611-47E2-4C3D-9138-FAD005F3308B}.Release|Any CPU.ActiveCfg = Release|Any CPU
		{4460D611-47E2-4C3D-9138-FAD005F3308B}.Release|Any CPU.Build.0 = Release|Any CPU
		{173E6162-E881-46AE-87BE-70A3353DD201}.Debug|Any CPU.ActiveCfg = Debug|Any CPU
		{173E6162-E881-46AE-87BE-70A3353DD201}.Debug|Any CPU.Build.0 = Debug|Any CPU
		{173E6162-E881-46AE-87BE-70A3353DD201}.Release|Any CPU.ActiveCfg = Release|Any CPU
		{173E6162-E881-46AE-87BE-70A3353DD201}.Release|Any CPU.Build.0 = Release|Any CPU
		{4D286A3E-D4CE-4673-B8EB-CD089C046852}.Debug|Any CPU.ActiveCfg = Debug|Any CPU
		{4D286A3E-D4CE-4673-B8EB-CD089C046852}.Debug|Any CPU.Build.0 = Debug|Any CPU
		{4D286A3E-D4CE-4673-B8EB-CD089C046852}.Release|Any CPU.ActiveCfg = Release|Any CPU
		{4D286A3E-D4CE-4673-B8EB-CD089C046852}.Release|Any CPU.Build.0 = Release|Any CPU
		{37FA9371-A060-4527-AD3C-D9AFBC23AD44}.Debug|Any CPU.ActiveCfg = Debug|Any CPU
		{37FA9371-A060-4527-AD3C-D9AFBC23AD44}.Debug|Any CPU.Build.0 = Debug|Any CPU
		{37FA9371-A060-4527-AD3C-D9AFBC23AD44}.Release|Any CPU.ActiveCfg = Release|Any CPU
		{37FA9371-A060-4527-AD3C-D9AFBC23AD44}.Release|Any CPU.Build.0 = Release|Any CPU
		{B37210DC-AA5B-4759-AC33-B98045E44AD9}.Debug|Any CPU.ActiveCfg = Debug|Any CPU
		{B37210DC-AA5B-4759-AC33-B98045E44AD9}.Debug|Any CPU.Build.0 = Debug|Any CPU
		{B37210DC-AA5B-4759-AC33-B98045E44AD9}.Release|Any CPU.ActiveCfg = Release|Any CPU
		{B37210DC-AA5B-4759-AC33-B98045E44AD9}.Release|Any CPU.Build.0 = Release|Any CPU
		{EDC26278-9423-4490-AF12-0512255512D2}.Debug|Any CPU.ActiveCfg = Debug|Any CPU
		{EDC26278-9423-4490-AF12-0512255512D2}.Debug|Any CPU.Build.0 = Debug|Any CPU
		{EDC26278-9423-4490-AF12-0512255512D2}.Release|Any CPU.ActiveCfg = Release|Any CPU
		{EDC26278-9423-4490-AF12-0512255512D2}.Release|Any CPU.Build.0 = Release|Any CPU
		{B3079C7B-2433-4A26-B66C-5016F1BFE0C7}.Debug|Any CPU.ActiveCfg = Debug|Any CPU
		{B3079C7B-2433-4A26-B66C-5016F1BFE0C7}.Debug|Any CPU.Build.0 = Debug|Any CPU
		{B3079C7B-2433-4A26-B66C-5016F1BFE0C7}.Release|Any CPU.ActiveCfg = Release|Any CPU
		{B3079C7B-2433-4A26-B66C-5016F1BFE0C7}.Release|Any CPU.Build.0 = Release|Any CPU
		{B8D5AC9A-EFC7-44C3-80A6-C3F214065E23}.Debug|Any CPU.ActiveCfg = Debug|Any CPU
		{B8D5AC9A-EFC7-44C3-80A6-C3F214065E23}.Debug|Any CPU.Build.0 = Debug|Any CPU
		{B8D5AC9A-EFC7-44C3-80A6-C3F214065E23}.Release|Any CPU.ActiveCfg = Release|Any CPU
		{B8D5AC9A-EFC7-44C3-80A6-C3F214065E23}.Release|Any CPU.Build.0 = Release|Any CPU
		{C3393723-EF7D-457B-B18E-6D54BB22317E}.Debug|Any CPU.ActiveCfg = Debug|Any CPU
		{C3393723-EF7D-457B-B18E-6D54BB22317E}.Debug|Any CPU.Build.0 = Debug|Any CPU
		{C3393723-EF7D-457B-B18E-6D54BB22317E}.Release|Any CPU.ActiveCfg = Release|Any CPU
		{C3393723-EF7D-457B-B18E-6D54BB22317E}.Release|Any CPU.Build.0 = Release|Any CPU
	EndGlobalSection
	GlobalSection(SolutionProperties) = preSolution
		HideSolutionNode = FALSE
	EndGlobalSection
	GlobalSection(NestedProjects) = preSolution
		{EFE320A6-2A48-4FB0-A20E-EBACD32DBA1C} = {B0D6D024-23D4-4217-8513-E729B91BAB8B}
		{C80AD9E7-17AE-4AE3-8974-EAC3DF90C813} = {B0D6D024-23D4-4217-8513-E729B91BAB8B}
		{8050C587-B996-4149-9315-E8625AE8A475} = {B0D6D024-23D4-4217-8513-E729B91BAB8B}
		{2E5D23A9-B1A5-4058-AE92-B7083B16D241} = {967175FF-898F-4563-9EB2-C76A610989D2}
		{460B2451-CB83-4874-93F0-658CD8DFABB0} = {967175FF-898F-4563-9EB2-C76A610989D2}
		{2DA37C2C-989A-4BE3-A348-36CBC0855498} = {967175FF-898F-4563-9EB2-C76A610989D2}
		{3D8861A4-8638-4BA4-986D-E04B734B7C4D} = {967175FF-898F-4563-9EB2-C76A610989D2}
		{80618704-59EE-4CDD-B3BF-E1B94C4875F1} = {7E1BFBDE-E050-46FC-A690-BDDA0E5B04B0}
		{34FD1264-A71C-48C2-B3E7-84445B4CAEE5} = {7E1BFBDE-E050-46FC-A690-BDDA0E5B04B0}
		{4460D611-47E2-4C3D-9138-FAD005F3308B} = {1F120FC4-86F3-43A3-AF91-BAC6E0072669}
		{173E6162-E881-46AE-87BE-70A3353DD201} = {1F120FC4-86F3-43A3-AF91-BAC6E0072669}
		{4D286A3E-D4CE-4673-B8EB-CD089C046852} = {2413C990-C361-46EC-9BB7-6B23E8731DB1}
		{37FA9371-A060-4527-AD3C-D9AFBC23AD44} = {2413C990-C361-46EC-9BB7-6B23E8731DB1}
		{B37210DC-AA5B-4759-AC33-B98045E44AD9} = {2413C990-C361-46EC-9BB7-6B23E8731DB1}
		{EDC26278-9423-4490-AF12-0512255512D2} = {E9A55A6A-15EB-4254-93BD-4185A33B0644}
		{B3079C7B-2433-4A26-B66C-5016F1BFE0C7} = {E9A55A6A-15EB-4254-93BD-4185A33B0644}
		{B8D5AC9A-EFC7-44C3-80A6-C3F214065E23} = {13A2C85C-4968-479B-BF9A-B94F0C9E8E38}
		{C3393723-EF7D-457B-B18E-6D54BB22317E} = {13A2C85C-4968-479B-BF9A-B94F0C9E8E38}
	EndGlobalSection
	GlobalSection(ExtensibilityGlobals) = postSolution
		SolutionGuid = {AD913381-518D-40BD-B4C0-403FAB2013AC}
	EndGlobalSection
EndGlobal
